
Microsoft Visual Studio Solution File, Format Version 12.00
# Visual Studio 15
VisualStudioVersion = 15.0.26730.12
MinimumVisualStudioVersion = 10.0.40219.1
Project("{FAE04EC0-301F-11D3-BF4B-00C04F79EFBC}") = "TestProject", "TestProject\TestProject.csproj", "{D5949E94-ED92-433E-AB53-DEF5C07F77FE}"
EndProject
Global
	GlobalSection(SolutionConfigurationPlatforms) = preSolution
		Debug|Any CPU = Debug|Any CPU
		Release|Any CPU = Release|Any CPU
	EndGlobalSection
	GlobalSection(ProjectConfigurationPlatforms) = postSolution
		{D5949E94-ED92-433E-AB53-DEF5C07F77FE}.Debug|Any CPU.ActiveCfg = Debug|Any CPU
		{D5949E94-ED92-433E-AB53-DEF5C07F77FE}.Debug|Any CPU.Build.0 = Debug|Any CPU
		{D5949E94-ED92-433E-AB53-DEF5C07F77FE}.Release|Any CPU.ActiveCfg = Release|Any CPU
		{D5949E94-ED92-433E-AB53-DEF5C07F77FE}.Release|Any CPU.Build.0 = Release|Any CPU
	EndGlobalSection
	GlobalSection(SolutionProperties) = preSolution
		HideSolutionNode = FALSE
	EndGlobalSection
	GlobalSection(ExtensibilityGlobals) = postSolution
		SolutionGuid = {627B3433-72D4-4F5A-827D-CBB815B50E0D}
	EndGlobalSection
EndGlobal
